// !$*UTF8*$!
{
	archiveVersion = 1;
	classes = {
	};
	objectVersion = 50;
	objects = {

/* Begin PBXBuildFile section */
		B7C12E9B24EC1B0800DF64DA /* AppDelegate.swift in Sources */ = {isa = PBXBuildFile; fileRef = B7C12E9A24EC1B0800DF64DA /* AppDelegate.swift */; };
		B7C12E9D24EC1B0800DF64DA /* SceneDelegate.swift in Sources */ = {isa = PBXBuildFile; fileRef = B7C12E9C24EC1B0800DF64DA /* SceneDelegate.swift */; };
		B7C12E9F24EC1B0800DF64DA /* ViewController.swift in Sources */ = {isa = PBXBuildFile; fileRef = B7C12E9E24EC1B0800DF64DA /* ViewController.swift */; };
		B7C12EA224EC1B0800DF64DA /* Main.storyboard in Resources */ = {isa = PBXBuildFile; fileRef = B7C12EA024EC1B0800DF64DA /* Main.storyboard */; };
		B7C12EA424EC1B0B00DF64DA /* Assets.xcassets in Resources */ = {isa = PBXBuildFile; fileRef = B7C12EA324EC1B0B00DF64DA /* Assets.xcassets */; };
		B7C12EA724EC1B0B00DF64DA /* LaunchScreen.storyboard in Resources */ = {isa = PBXBuildFile; fileRef = B7C12EA524EC1B0B00DF64DA /* LaunchScreen.storyboard */; };
		B7C12EAF24EC1C4800DF64DA /* LabelCell.swift in Sources */ = {isa = PBXBuildFile; fileRef = B7C12EAE24EC1C4800DF64DA /* LabelCell.swift */; };
		B7C12EB124EC267B00DF64DA /* HeaderView.swift in Sources */ = {isa = PBXBuildFile; fileRef = B7C12EB024EC267B00DF64DA /* HeaderView.swift */; };
/* End PBXBuildFile section */

/* Begin PBXFileReference section */
		B7C12E9724EC1B0800DF64DA /* Multiple-Sections.app */ = {isa = PBXFileReference; explicitFileType = wrapper.application; includeInIndex = 0; path = "Multiple-Sections.app"; sourceTree = BUILT_PRODUCTS_DIR; };
		B7C12E9A24EC1B0800DF64DA /* AppDelegate.swift */ = {isa = PBXFileReference; lastKnownFileType = sourcecode.swift; path = AppDelegate.swift; sourceTree = "<group>"; };
		B7C12E9C24EC1B0800DF64DA /* SceneDelegate.swift */ = {isa = PBXFileReference; lastKnownFileType = sourcecode.swift; path = SceneDelegate.swift; sourceTree = "<group>"; };
		B7C12E9E24EC1B0800DF64DA /* ViewController.swift */ = {isa = PBXFileReference; lastKnownFileType = sourcecode.swift; path = ViewController.swift; sourceTree = "<group>"; };
		B7C12EA124EC1B0800DF64DA /* Base */ = {isa = PBXFileReference; lastKnownFileType = file.storyboard; name = Base; path = Base.lproj/Main.storyboard; sourceTree = "<group>"; };
		B7C12EA324EC1B0B00DF64DA /* Assets.xcassets */ = {isa = PBXFileReference; lastKnownFileType = folder.assetcatalog; path = Assets.xcassets; sourceTree = "<group>"; };
		B7C12EA624EC1B0B00DF64DA /* Base */ = {isa = PBXFileReference; lastKnownFileType = file.storyboard; name = Base; path = Base.lproj/LaunchScreen.storyboard; sourceTree = "<group>"; };
		B7C12EA824EC1B0B00DF64DA /* Info.plist */ = {isa = PBXFileReference; lastKnownFileType = text.plist.xml; path = Info.plist; sourceTree = "<group>"; };
		B7C12EAE24EC1C4800DF64DA /* LabelCell.swift */ = {isa = PBXFileReference; lastKnownFileType = sourcecode.swift; path = LabelCell.swift; sourceTree = "<group>"; };
		B7C12EB024EC267B00DF64DA /* HeaderView.swift */ = {isa = PBXFileReference; lastKnownFileType = sourcecode.swift; path = HeaderView.swift; sourceTree = "<group>"; };
/* End PBXFileReference section */

/* Begin PBXFrameworksBuildPhase section */
		B7C12E9424EC1B0800DF64DA /* Frameworks */ = {
			isa = PBXFrameworksBuildPhase;
			buildActionMask = 2147483647;
			files = (
			);
			runOnlyForDeploymentPostprocessing = 0;
		};
/* End PBXFrameworksBuildPhase section */

/* Begin PBXGroup section */
		B7C12E8E24EC1B0800DF64DA = {
			isa = PBXGroup;
			children = (
				B7C12E9924EC1B0800DF64DA /* Multiple-Sections */,
				B7C12E9824EC1B0800DF64DA /* Products */,
			);
			sourceTree = "<group>";
		};
		B7C12E9824EC1B0800DF64DA /* Products */ = {
			isa = PBXGroup;
			children = (
				B7C12E9724EC1B0800DF64DA /* Multiple-Sections.app */,
			);
			name = Products;
			sourceTree = "<group>";
		};
		B7C12E9924EC1B0800DF64DA /* Multiple-Sections */ = {
			isa = PBXGroup;
			children = (
				B7C12E9A24EC1B0800DF64DA /* AppDelegate.swift */,
				B7C12E9C24EC1B0800DF64DA /* SceneDelegate.swift */,
				B7C12E9E24EC1B0800DF64DA /* ViewController.swift */,
				B7C12EB024EC267B00DF64DA /* HeaderView.swift */,
				B7C12EA024EC1B0800DF64DA /* Main.storyboard */,
				B7C12EAE24EC1C4800DF64DA /* LabelCell.swift */,
				B7C12EA324EC1B0B00DF64DA /* Assets.xcassets */,
				B7C12EA524EC1B0B00DF64DA /* LaunchScreen.storyboard */,
				B7C12EA824EC1B0B00DF64DA /* Info.plist */,
			);
			path = "Multiple-Sections";
			sourceTree = "<group>";
		};
/* End PBXGroup section */

/* Begin PBXNativeTarget section */
		B7C12E9624EC1B0800DF64DA /* Multiple-Sections */ = {
			isa = PBXNativeTarget;
			buildConfigurationList = B7C12EAB24EC1B0B00DF64DA /* Build configuration list for PBXNativeTarget "Multiple-Sections" */;
			buildPhases = (
				B7C12E9324EC1B0800DF64DA /* Sources */,
				B7C12E9424EC1B0800DF64DA /* Frameworks */,
				B7C12E9524EC1B0800DF64DA /* Resources */,
			);
			buildRules = (
			);
			dependencies = (
			);
			name = "Multiple-Sections";
			productName = "Multiple-Sections";
			productReference = B7C12E9724EC1B0800DF64DA /* Multiple-Sections.app */;
			productType = "com.apple.product-type.application";
		};
/* End PBXNativeTarget section */

/* Begin PBXProject section */
		B7C12E8F24EC1B0800DF64DA /* Project object */ = {
			isa = PBXProject;
			attributes = {
				LastSwiftUpdateCheck = 1160;
				LastUpgradeCheck = 1160;
				ORGANIZATIONNAME = "Brendon Cecilio";
				TargetAttributes = {
					B7C12E9624EC1B0800DF64DA = {
						CreatedOnToolsVersion = 11.6;
					};
				};
			};
			buildConfigurationList = B7C12E9224EC1B0800DF64DA /* Build configuration list for PBXProject "Multiple-Sections" */;
			compatibilityVersion = "Xcode 9.3";
			developmentRegion = en;
			hasScannedForEncodings = 0;
			knownRegions = (
				en,
				Base,
			);
			mainGroup = B7C12E8E24EC1B0800DF64DA;
			productRefGroup = B7C12E9824EC1B0800DF64DA /* Products */;
			projectDirPath = "";
			projectRoot = "";
			targets = (
				B7C12E9624EC1B0800DF64DA /* Multiple-Sections */,
			);
		};
/* End PBXProject section */

/* Begin PBXResourcesBuildPhase section */
		B7C12E9524EC1B0800DF64DA /* Resources */ = {
			isa = PBXResourcesBuildPhase;
			buildActionMask = 2147483647;
			files = (
				B7C12EA724EC1B0B00DF64DA /* LaunchScreen.storyboard in Resources */,
				B7C12EA424EC1B0B00DF64DA /* Assets.xcassets in Resources */,
				B7C12EA224EC1B0800DF64DA /* Main.storyboard in Resources */,
			);
			runOnlyForDeploymentPostprocessing = 0;
		};
/* End PBXResourcesBuildPhase section */

/* Begin PBXSourcesBuildPhase section */
		B7C12E9324EC1B0800DF64DA /* Sources */ = {
			isa = PBXSourcesBuildPhase;
			buildActionMask = 2147483647;
			files = (
				B7C12EB124EC267B00DF64DA /* HeaderView.swift in Sources */,
				B7C12E9F24EC1B0800DF64DA /* ViewController.swift in Sources */,
				B7C12E9B24EC1B0800DF64DA /* AppDelegate.swift in Sources */,
				B7C12EAF24EC1C4800DF64DA /* LabelCell.swift in Sources */,
				B7C12E9D24EC1B0800DF64DA /* SceneDelegate.swift in Sources */,
			);
			runOnlyForDeploymentPostprocessing = 0;
		};
/* End PBXSourcesBuildPhase section */

/* Begin PBXVariantGroup section */
		B7C12EA024EC1B0800DF64DA /* Main.storyboard */ = {
			isa = PBXVariantGroup;
			children = (
				B7C12EA124EC1B0800DF64DA /* Base */,
			);
			name = Main.storyboard;
			sourceTree = "<group>";
		};
		B7C12EA524EC1B0B00DF64DA /* LaunchScreen.storyboard */ = {
			isa = PBXVariantGroup;
			children = (
				B7C12EA624EC1B0B00DF64DA /* Base */,
			);
			name = LaunchScreen.storyboard;
			sourceTree = "<group>";
		};
/* End PBXVariantGroup section */

/* Begin XCBuildConfiguration section */
		B7C12EA924EC1B0B00DF64DA /* Debug */ = {
			isa = XCBuildConfiguration;
			buildSettings = {
				ALWAYS_SEARCH_USER_PATHS = NO;
				CLANG_ANALYZER_NONNULL = YES;
				CLANG_ANALYZER_NUMBER_OBJECT_CONVERSION = YES_AGGRESSIVE;
				CLANG_CXX_LANGUAGE_STANDARD = "gnu++14";
				CLANG_CXX_LIBRARY = "libc++";
				CLANG_ENABLE_MODULES = YES;
				CLANG_ENABLE_OBJC_ARC = YES;
				CLANG_ENABLE_OBJC_WEAK = YES;
				CLANG_WARN_BLOCK_CAPTURE_AUTORELEASING = YES;
				CLANG_WARN_BOOL_CONVERSION = YES;
				CLANG_WARN_COMMA = YES;
				CLANG_WARN_CONSTANT_CONVERSION = YES;
				CLANG_WARN_DEPRECATED_OBJC_IMPLEMENTATIONS = YES;
				CLANG_WARN_DIRECT_OBJC_ISA_USAGE = YES_ERROR;
				CLANG_WARN_DOCUMENTATION_COMMENTS = YES;
				CLANG_WARN_EMPTY_BODY = YES;
				CLANG_WARN_ENUM_CONVERSION = YES;
				CLANG_WARN_INFINITE_RECURSION = YES;
				CLANG_WARN_INT_CONVERSION = YES;
				CLANG_WARN_NON_LITERAL_NULL_CONVERSION = YES;
				CLANG_WARN_OBJC_IMPLICIT_RETAIN_SELF = YES;
				CLANG_WARN_OBJC_LITERAL_CONVERSION = YES;
				CLANG_WARN_OBJC_ROOT_CLASS = YES_ERROR;
				CLANG_WARN_RANGE_LOOP_ANALYSIS = YES;
				CLANG_WARN_STRICT_PROTOTYPES = YES;
				CLANG_WARN_SUSPICIOUS_MOVE = YES;
				CLANG_WARN_UNGUARDED_AVAILABILITY = YES_AGGRESSIVE;
				CLANG_WARN_UNREACHABLE_CODE = YES;
				CLANG_WARN__DUPLICATE_METHOD_MATCH = YES;
				COPY_PHASE_STRIP = NO;
				DEBUG_INFORMATION_FORMAT = dwarf;
				ENABLE_STRICT_OBJC_MSGSEND = YES;
				ENABLE_TESTABILITY = YES;
				GCC_C_LANGUAGE_STANDARD = gnu11;
				GCC_DYNAMIC_NO_PIC = NO;
				GCC_NO_COMMON_BLOCKS = YES;
				GCC_OPTIMIZATION_LEVEL = 0;
				GCC_PREPROCESSOR_DEFINITIONS = (
					"DEBUG=1",
					"$(inherited)",
				);
				GCC_WARN_64_TO_32_BIT_CONVERSION = YES;
				GCC_WARN_ABOUT_RETURN_TYPE = YES_ERROR;
				GCC_WARN_UNDECLARED_SELECTOR = YES;
				GCC_WARN_UNINITIALIZED_AUTOS = YES_AGGRESSIVE;
				GCC_WARN_UNUSED_FUNCTION = YES;
				GCC_WARN_UNUSED_VARIABLE = YES;
				IPHONEOS_DEPLOYMENT_TARGET = 13.6;
				MTL_ENABLE_DEBUG_INFO = INCLUDE_SOURCE;
				MTL_FAST_MATH = YES;
				ONLY_ACTIVE_ARCH = YES;
				SDKROOT = iphoneos;
				SWIFT_ACTIVE_COMPILATION_CONDITIONS = DEBUG;
				SWIFT_OPTIMIZATION_LEVEL = "-Onone";
			};
			name = Debug;
		};
		B7C12EAA24EC1B0B00DF64DA /* Release */ = {
			isa = XCBuildConfiguration;
			buildSettings = {
				ALWAYS_SEARCH_USER_PATHS = NO;
				CLANG_ANALYZER_NONNULL = YES;
				CLANG_ANALYZER_NUMBER_OBJECT_CONVERSION = YES_AGGRESSIVE;
				CLANG_CXX_LANGUAGE_STANDARD = "gnu++14";
				CLANG_CXX_LIBRARY = "libc++";
				CLANG_ENABLE_MODULES = YES;
				CLANG_ENABLE_OBJC_ARC = YES;
				CLANG_ENABLE_OBJC_WEAK = YES;
				CLANG_WARN_BLOCK_CAPTURE_AUTORELEASING = YES;
				CLANG_WARN_BOOL_CONVERSION = YES;
				CLANG_WARN_COMMA = YES;
				CLANG_WARN_CONSTANT_CONVERSION = YES;
				CLANG_WARN_DEPRECATED_OBJC_IMPLEMENTATIONS = YES;
				CLANG_WARN_DIRECT_OBJC_ISA_USAGE = YES_ERROR;
				CLANG_WARN_DOCUMENTATION_COMMENTS = YES;
				CLANG_WARN_EMPTY_BODY = YES;
				CLANG_WARN_ENUM_CONVERSION = YES;
				CLANG_WARN_INFINITE_RECURSION = YES;
				CLANG_WARN_INT_CONVERSION = YES;
				CLANG_WARN_NON_LITERAL_NULL_CONVERSION = YES;
				CLANG_WARN_OBJC_IMPLICIT_RETAIN_SELF = YES;
				CLANG_WARN_OBJC_LITERAL_CONVERSION = YES;
				CLANG_WARN_OBJC_ROOT_CLASS = YES_ERROR;
				CLANG_WARN_RANGE_LOOP_ANALYSIS = YES;
				CLANG_WARN_STRICT_PROTOTYPES = YES;
				CLANG_WARN_SUSPICIOUS_MOVE = YES;
				CLANG_WARN_UNGUARDED_AVAILABILITY = YES_AGGRESSIVE;
				CLANG_WARN_UNREACHABLE_CODE = YES;
				CLANG_WARN__DUPLICATE_METHOD_MATCH = YES;
				COPY_PHASE_STRIP = NO;
				DEBUG_INFORMATION_FORMAT = "dwarf-with-dsym";
				ENABLE_NS_ASSERTIONS = NO;
				ENABLE_STRICT_OBJC_MSGSEND = YES;
				GCC_C_LANGUAGE_STANDARD = gnu11;
				GCC_NO_COMMON_BLOCKS = YES;
				GCC_WARN_64_TO_32_BIT_CONVERSION = YES;
				GCC_WARN_ABOUT_RETURN_TYPE = YES_ERROR;
				GCC_WARN_UNDECLARED_SELECTOR = YES;
				GCC_WARN_UNINITIALIZED_AUTOS = YES_AGGRESSIVE;
				GCC_WARN_UNUSED_FUNCTION = YES;
				GCC_WARN_UNUSED_VARIABLE = YES;
				IPHONEOS_DEPLOYMENT_TARGET = 13.6;
				MTL_ENABLE_DEBUG_INFO = NO;
				MTL_FAST_MATH = YES;
				SDKROOT = iphoneos;
				SWIFT_COMPILATION_MODE = wholemodule;
				SWIFT_OPTIMIZATION_LEVEL = "-O";
				VALIDATE_PRODUCT = YES;
			};
			name = Release;
		};
		B7C12EAC24EC1B0B00DF64DA /* Debug */ = {
			isa = XCBuildConfiguration;
			buildSettings = {
				ASSETCATALOG_COMPILER_APPICON_NAME = AppIcon;
				CODE_SIGN_STYLE = Automatic;
				DEVELOPMENT_TEAM = 879MP5M96B;
				INFOPLIST_FILE = "Multiple-Sections/Info.plist";
				LD_RUNPATH_SEARCH_PATHS = (
					"$(inherited)",
					"@executable_path/Frameworks",
				);
				PRODUCT_BUNDLE_IDENTIFIER = "com.brendoncecilio.Multiple-Sections";
				PRODUCT_NAME = "$(TARGET_NAME)";
				SWIFT_VERSION = 5.0;
				TARGETED_DEVICE_FAMILY = "1,2";
			};
			name = Debug;
		};
		B7C12EAD24EC1B0B00DF64DA /* Release */ = {
			isa = XCBuildConfiguration;
			buildSettings = {
				ASSETCATALOG_COMPILER_APPICON_NAME = AppIcon;
				CODE_SIGN_STYLE = Automatic;
				DEVELOPMENT_TEAM = 879MP5M96B;
				INFOPLIST_FILE = "Multiple-Sections/Info.plist";
				LD_RUNPATH_SEARCH_PATHS = (
					"$(inherited)",
					"@executable_path/Frameworks",
				);
				PRODUCT_BUNDLE_IDENTIFIER = "com.brendoncecilio.Multiple-Sections";
				PRODUCT_NAME = "$(TARGET_NAME)";
				SWIFT_VERSION = 5.0;
				TARGETED_DEVICE_FAMILY = "1,2";
			};
			name = Release;
		};
/* End XCBuildConfiguration section */

/* Begin XCConfigurationList section */
		B7C12E9224EC1B0800DF64DA /* Build configuration list for PBXProject "Multiple-Sections" */ = {
			isa = XCConfigurationList;
			buildConfigurations = (
				B7C12EA924EC1B0B00DF64DA /* Debug */,
				B7C12EAA24EC1B0B00DF64DA /* Release */,
			);
			defaultConfigurationIsVisible = 0;
			defaultConfigurationName = Release;
		};
		B7C12EAB24EC1B0B00DF64DA /* Build configuration list for PBXNativeTarget "Multiple-Sections" */ = {
			isa = XCConfigurationList;
			buildConfigurations = (
				B7C12EAC24EC1B0B00DF64DA /* Debug */,
				B7C12EAD24EC1B0B00DF64DA /* Release */,
			);
			defaultConfigurationIsVisible = 0;
			defaultConfigurationName = Release;
		};
/* End XCConfigurationList section */
	};
	rootObject = B7C12E8F24EC1B0800DF64DA /* Project object */;
}
